github.com/MaminirinaEdwino/gobayes v0.0.0-20260407182607-ee35133a66c0 h1:lDn56t3mNmkx4FsFpb5YPJ3paXoaaanWvWVETx7vFBo=
github.com/MaminirinaEdwino/gobayes v0.0.0-20260407182607-ee35133a66c0/go.mod h1:Dl/UL0IL5X+EFcDrl3ZNaEr1POE4N4mWzpEV3O/htRA=
github.com/MaminirinaEdwino/gobayes v0.0.0-20260407185134-45489af31459 h1:DhOtmhclXRHo8K5E+kIPwFC8X5g99uae9bMBSZagfS4=
github.com/MaminirinaEdwino/gobayes v0.0.0-20260407185134-45489af31459/go.mod h1:Dl/UL0IL5X+EFcDrl3ZNaEr1POE4N4mWzpEV3O/htRA=
github.com/MaminirinaEdwino/gobayes v0.0.0-20260407192115-d7802d123b96 h1:qyf+kYrRASPt8Sf/qKVWtT4EhMHICE3opWuqRxRFgRM=
github.com/MaminirinaEdwino/gobayes v0.0.0-20260407192115-d7802d123b96/go.mod h1:Dl/UL0IL5X+EFcDrl3ZNaEr1POE4N4mWzpEV3O/htRA=
